
Microsoft Visual Studio Solution File, Format Version 12.00
# Visual Studio Version 17
VisualStudioVersion = 17.8.34316.72
MinimumVisualStudioVersion = 10.0.40219.1
Project("{9A19103F-16F7-4668-BE54-9A1E7A4F7556}") = "Domain", "Domain\Domain.csproj", "{9A2B05D6-9EE0-45F4-BEEB-4A65BA784CE6}"
EndProject
Project("{9A19103F-16F7-4668-BE54-9A1E7A4F7556}") = "ConsoleApp", "ConsoleApp\ConsoleApp.csproj", "{26960EC8-5E0C-4740-A323-1CE72C5C74FD}"
EndProject
Project("{9A19103F-16F7-4668-BE54-9A1E7A4F7556}") = "WebApp_AutoMapper", "WebApp_AutoMapper\WebApp_AutoMapper.csproj", "{E22171C8-4E23-4365-A0CE-80EA4D420985}"
EndProject
Project("{9A19103F-16F7-4668-BE54-9A1E7A4F7556}") = "WebApp_Mapperly", "WebApp_Mapperly\WebApp_Mapperly.csproj", "{522ACF53-0325-4618-9B36-8742DC3C7890}"
EndProject
Project("{2150E333-8FDC-42A3-9474-1A3956D46DE8}") = "results", "results", "{41AD5FEE-B520-46C6-8268-4EDA5D73A89F}"
	ProjectSection(SolutionItems) = preProject
		results\20231207_automapper.diagsession = results\20231207_automapper.diagsession
		results\20231207_mapperly.diagsession = results\20231207_mapperly.diagsession
		results\summary_automapper.html = results\summary_automapper.html
		results\summary_mapperly.html = results\summary_mapperly.html
	EndProjectSection
EndProject
Global
	GlobalSection(SolutionConfigurationPlatforms) = preSolution
		Debug|Any CPU = Debug|Any CPU
		Release|Any CPU = Release|Any CPU
	EndGlobalSection
	GlobalSection(ProjectConfigurationPlatforms) = postSolution
		{9A2B05D6-9EE0-45F4-BEEB-4A65BA784CE6}.Debug|Any CPU.ActiveCfg = Debug|Any CPU
		{9A2B05D6-9EE0-45F4-BEEB-4A65BA784CE6}.Debug|Any CPU.Build.0 = Debug|Any CPU
		{9A2B05D6-9EE0-45F4-BEEB-4A65BA784CE6}.Release|Any CPU.ActiveCfg = Release|Any CPU
		{9A2B05D6-9EE0-45F4-BEEB-4A65BA784CE6}.Release|Any CPU.Build.0 = Release|Any CPU
		{26960EC8-5E0C-4740-A323-1CE72C5C74FD}.Debug|Any CPU.ActiveCfg = Debug|Any CPU
		{26960EC8-5E0C-4740-A323-1CE72C5C74FD}.Debug|Any CPU.Build.0 = Debug|Any CPU
		{26960EC8-5E0C-4740-A323-1CE72C5C74FD}.Release|Any CPU.ActiveCfg = Release|Any CPU
		{26960EC8-5E0C-4740-A323-1CE72C5C74FD}.Release|Any CPU.Build.0 = Release|Any CPU
		{E22171C8-4E23-4365-A0CE-80EA4D420985}.Debug|Any CPU.ActiveCfg = Debug|Any CPU
		{E22171C8-4E23-4365-A0CE-80EA4D420985}.Debug|Any CPU.Build.0 = Debug|Any CPU
		{E22171C8-4E23-4365-A0CE-80EA4D420985}.Release|Any CPU.ActiveCfg = Release|Any CPU
		{E22171C8-4E23-4365-A0CE-80EA4D420985}.Release|Any CPU.Build.0 = Release|Any CPU
		{522ACF53-0325-4618-9B36-8742DC3C7890}.Debug|Any CPU.ActiveCfg = Debug|Any CPU
		{522ACF53-0325-4618-9B36-8742DC3C7890}.Debug|Any CPU.Build.0 = Debug|Any CPU
		{522ACF53-0325-4618-9B36-8742DC3C7890}.Release|Any CPU.ActiveCfg = Release|Any CPU
		{522ACF53-0325-4618-9B36-8742DC3C7890}.Release|Any CPU.Build.0 = Release|Any CPU
	EndGlobalSection
	GlobalSection(SolutionProperties) = preSolution
		HideSolutionNode = FALSE
	EndGlobalSection
	GlobalSection(ExtensibilityGlobals) = postSolution
		SolutionGuid = {F93EF438-44DD-44AA-914D-798E1558DFA6}
	EndGlobalSection
EndGlobal
